// !$*UTF8*$!
{
	archiveVersion = 1;
	classes = {
	};
	objectVersion = 46;
	objects = {

/* Begin PBXBuildFile section */
		10210D6F19DDA4A0000C0295 /* ImageIO.framework in Frameworks */ = {isa = PBXBuildFile; fileRef = 10210D6E19DDA4A0000C0295 /* ImageIO.framework */; };
		10210D7119DDA4A6000C0295 /* QuartzCore.framework in Frameworks */ = {isa = PBXBuildFile; fileRef = 10210D7019DDA4A6000C0295 /* QuartzCore.framework */; };
		10210D7319DDA4AC000C0295 /* CoreMedia.framework in Frameworks */ = {isa = PBXBuildFile; fileRef = 10210D7219DDA4AC000C0295 /* CoreMedia.framework */; };
		1043716A19E5C5D900FC5C6D /* MeasureRoomViewController.swift in Sources */ = {isa = PBXBuildFile; fileRef = 1043716819E5C5D900FC5C6D /* MeasureRoomViewController.swift */; };
		1043716B19E5C5D900FC5C6D /* MeasureRoomViewController.xib in Resources */ = {isa = PBXBuildFile; fileRef = 1043716919E5C5D900FC5C6D /* MeasureRoomViewController.xib */; };
		1048740D19DDA4D50077061F /* CoreGraphics.framework in Frameworks */ = {isa = PBXBuildFile; fileRef = 1048740C19DDA4D50077061F /* CoreGraphics.framework */; };
		1048740F19DDA4DB0077061F /* CoreImage.framework in Frameworks */ = {isa = PBXBuildFile; fileRef = 1048740E19DDA4DB0077061F /* CoreImage.framework */; };
		1048741119DDA4F50077061F /* CoreVideo.framework in Frameworks */ = {isa = PBXBuildFile; fileRef = 1048741019DDA4F50077061F /* CoreVideo.framework */; };
		1048741319DDA5130077061F /* AssetsLibrary.framework in Frameworks */ = {isa = PBXBuildFile; fileRef = 1048741219DDA5130077061F /* AssetsLibrary.framework */; };
		104C4E4E19E2DDC0009146C2 /* CoreLocation.framework in Frameworks */ = {isa = PBXBuildFile; fileRef = 104C4E4D19E2DDC0009146C2 /* CoreLocation.framework */; };
		104C4E5019E2EE0C009146C2 /* Images.xcassets in Resources */ = {isa = PBXBuildFile; fileRef = 104C4E4F19E2EE0C009146C2 /* Images.xcassets */; };
		107E7AD819E6DF3300BC0644 /* LevelView.swift in Sources */ = {isa = PBXBuildFile; fileRef = 107E7AD719E6DF3300BC0644 /* LevelView.swift */; };
		107E7ADA19E6DF5F00BC0644 /* CoreMotion.framework in Frameworks */ = {isa = PBXBuildFile; fileRef = 107E7AD919E6DF5F00BC0644 /* CoreMotion.framework */; };
		10EEA5ED19DC56BE004D9A74 /* CreateRoomView.swift in Sources */ = {isa = PBXBuildFile; fileRef = 10EEA5EC19DC56BE004D9A74 /* CreateRoomView.swift */; };
		10EEA5F119DC8C6C004D9A74 /* AVFoundation.framework in Frameworks */ = {isa = PBXBuildFile; fileRef = 10EEA5F019DC8C6C004D9A74 /* AVFoundation.framework */; };
		10EEA5F319DC8C7B004D9A74 /* UIKit.framework in Frameworks */ = {isa = PBXBuildFile; fileRef = 10EEA5F219DC8C7B004D9A74 /* UIKit.framework */; };
		10EEA5F519DC8C82004D9A74 /* Foundation.framework in Frameworks */ = {isa = PBXBuildFile; fileRef = 10EEA5F419DC8C82004D9A74 /* Foundation.framework */; };
		10EEA5F819DC97A7004D9A74 /* Rangefinder.m in Sources */ = {isa = PBXBuildFile; fileRef = 10EEA5F719DC97A7004D9A74 /* Rangefinder.m */; };
		7B87DD0A19DC4A7B00DEAF73 /* AppDelegate.swift in Sources */ = {isa = PBXBuildFile; fileRef = 7B87DD0919DC4A7B00DEAF73 /* AppDelegate.swift */; };
		7B87DD0C19DC4A7B00DEAF73 /* ViewController.swift in Sources */ = {isa = PBXBuildFile; fileRef = 7B87DD0B19DC4A7B00DEAF73 /* ViewController.swift */; };
		7B87DD0F19DC4A7B00DEAF73 /* Main.storyboard in Resources */ = {isa = PBXBuildFile; fileRef = 7B87DD0D19DC4A7B00DEAF73 /* Main.storyboard */; };
		7B87DD1419DC4A7B00DEAF73 /* LaunchScreen.xib in Resources */ = {isa = PBXBuildFile; fileRef = 7B87DD1219DC4A7B00DEAF73 /* LaunchScreen.xib */; };
		7B87DD2019DC4A7B00DEAF73 /* floor_creatorTests.swift in Sources */ = {isa = PBXBuildFile; fileRef = 7B87DD1F19DC4A7B00DEAF73 /* floor_creatorTests.swift */; };
/* End PBXBuildFile section */

/* Begin PBXContainerItemProxy section */
		7B87DD1A19DC4A7B00DEAF73 /* PBXContainerItemProxy */ = {
			isa = PBXContainerItemProxy;
			containerPortal = 7B87DCFC19DC4A7B00DEAF73 /* Project object */;
			proxyType = 1;
			remoteGlobalIDString = 7B87DD0319DC4A7B00DEAF73;
			remoteInfo = floor_creator;
		};
/* End PBXContainerItemProxy section */

/* Begin PBXFileReference section */
		10210D6E19DDA4A0000C0295 /* ImageIO.framework */ = {isa = PBXFileReference; lastKnownFileType = wrapper.framework; name = ImageIO.framework; path = System/Library/Frameworks/ImageIO.framework; sourceTree = SDKROOT; };
		10210D7019DDA4A6000C0295 /* QuartzCore.framework */ = {isa = PBXFileReference; lastKnownFileType = wrapper.framework; name = QuartzCore.framework; path = System/Library/Frameworks/QuartzCore.framework; sourceTree = SDKROOT; };
		10210D7219DDA4AC000C0295 /* CoreMedia.framework */ = {isa = PBXFileReference; lastKnownFileType = wrapper.framework; name = CoreMedia.framework; path = System/Library/Frameworks/CoreMedia.framework; sourceTree = SDKROOT; };
		1043716819E5C5D900FC5C6D /* MeasureRoomViewController.swift */ = {isa = PBXFileReference; fileEncoding = 4; lastKnownFileType = sourcecode.swift; name = MeasureRoomViewController.swift; path = ../MeasureRoomViewController.swift; sourceTree = "<group>"; };
		1043716919E5C5D900FC5C6D /* MeasureRoomViewController.xib */ = {isa = PBXFileReference; fileEncoding = 4; lastKnownFileType = file.xib; name = MeasureRoomViewController.xib; path = ../MeasureRoomViewController.xib; sourceTree = "<group>"; };
		1048740C19DDA4D50077061F /* CoreGraphics.framework */ = {isa = PBXFileReference; lastKnownFileType = wrapper.framework; name = CoreGraphics.framework; path = System/Library/Frameworks/CoreGraphics.framework; sourceTree = SDKROOT; };
		1048740E19DDA4DB0077061F /* CoreImage.framework */ = {isa = PBXFileReference; lastKnownFileType = wrapper.framework; name = CoreImage.framework; path = System/Library/Frameworks/CoreImage.framework; sourceTree = SDKROOT; };
		1048741019DDA4F50077061F /* CoreVideo.framework */ = {isa = PBXFileReference; lastKnownFileType = wrapper.framework; name = CoreVideo.framework; path = System/Library/Frameworks/CoreVideo.framework; sourceTree = SDKROOT; };
		1048741219DDA5130077061F /* AssetsLibrary.framework */ = {isa = PBXFileReference; lastKnownFileType = wrapper.framework; name = AssetsLibrary.framework; path = System/Library/Frameworks/AssetsLibrary.framework; sourceTree = SDKROOT; };
		104C4E4D19E2DDC0009146C2 /* CoreLocation.framework */ = {isa = PBXFileReference; lastKnownFileType = wrapper.framework; name = CoreLocation.framework; path = System/Library/Frameworks/CoreLocation.framework; sourceTree = SDKROOT; };
		104C4E4F19E2EE0C009146C2 /* Images.xcassets */ = {isa = PBXFileReference; lastKnownFileType = folder.assetcatalog; path = Images.xcassets; sourceTree = "<group>"; };
		107E7AD719E6DF3300BC0644 /* LevelView.swift */ = {isa = PBXFileReference; fileEncoding = 4; lastKnownFileType = sourcecode.swift; path = LevelView.swift; sourceTree = "<group>"; };
		107E7AD919E6DF5F00BC0644 /* CoreMotion.framework */ = {isa = PBXFileReference; lastKnownFileType = wrapper.framework; name = CoreMotion.framework; path = System/Library/Frameworks/CoreMotion.framework; sourceTree = SDKROOT; };
		10EEA5EC19DC56BE004D9A74 /* CreateRoomView.swift */ = {isa = PBXFileReference; fileEncoding = 4; lastKnownFileType = sourcecode.swift; name = CreateRoomView.swift; path = ../CreateRoomView.swift; sourceTree = "<group>"; };
		10EEA5F019DC8C6C004D9A74 /* AVFoundation.framework */ = {isa = PBXFileReference; lastKnownFileType = wrapper.framework; name = AVFoundation.framework; path = System/Library/Frameworks/AVFoundation.framework; sourceTree = SDKROOT; };
		10EEA5F219DC8C7B004D9A74 /* UIKit.framework */ = {isa = PBXFileReference; lastKnownFileType = wrapper.framework; name = UIKit.framework; path = System/Library/Frameworks/UIKit.framework; sourceTree = SDKROOT; };
		10EEA5F419DC8C82004D9A74 /* Foundation.framework */ = {isa = PBXFileReference; lastKnownFileType = wrapper.framework; name = Foundation.framework; path = System/Library/Frameworks/Foundation.framework; sourceTree = SDKROOT; };
		10EEA5F619DC97A6004D9A74 /* floor_creator-Bridging-Header.h */ = {isa = PBXFileReference; lastKnownFileType = sourcecode.c.h; path = "floor_creator-Bridging-Header.h"; sourceTree = "<group>"; };
		10EEA5F719DC97A7004D9A74 /* Rangefinder.m */ = {isa = PBXFileReference; fileEncoding = 4; lastKnownFileType = sourcecode.c.objc; path = Rangefinder.m; sourceTree = "<group>"; };
		10EEA5F919DC9810004D9A74 /* Rangefinder.h */ = {isa = PBXFileReference; lastKnownFileType = sourcecode.c.h; path = Rangefinder.h; sourceTree = "<group>"; };
		7B87DD0419DC4A7B00DEAF73 /* floor_creator.app */ = {isa = PBXFileReference; explicitFileType = wrapper.application; includeInIndex = 0; path = floor_creator.app; sourceTree = BUILT_PRODUCTS_DIR; };
		7B87DD0819DC4A7B00DEAF73 /* Info.plist */ = {isa = PBXFileReference; lastKnownFileType = text.plist.xml; path = Info.plist; sourceTree = "<group>"; };
		7B87DD0919DC4A7B00DEAF73 /* AppDelegate.swift */ = {isa = PBXFileReference; lastKnownFileType = sourcecode.swift; path = AppDelegate.swift; sourceTree = "<group>"; };
		7B87DD0B19DC4A7B00DEAF73 /* ViewController.swift */ = {isa = PBXFileReference; lastKnownFileType = sourcecode.swift; path = ViewController.swift; sourceTree = "<group>"; };
		7B87DD0E19DC4A7B00DEAF73 /* Base */ = {isa = PBXFileReference; lastKnownFileType = file.storyboard; name = Base; path = Base.lproj/Main.storyboard; sourceTree = "<group>"; };
		7B87DD1319DC4A7B00DEAF73 /* Base */ = {isa = PBXFileReference; lastKnownFileType = file.xib; name = Base; path = Base.lproj/LaunchScreen.xib; sourceTree = "<group>"; };
		7B87DD1919DC4A7B00DEAF73 /* floor_creatorTests.xctest */ = {isa = PBXFileReference; explicitFileType = wrapper.cfbundle; includeInIndex = 0; path = floor_creatorTests.xctest; sourceTree = BUILT_PRODUCTS_DIR; };
		7B87DD1E19DC4A7B00DEAF73 /* Info.plist */ = {isa = PBXFileReference; lastKnownFileType = text.plist.xml; path = Info.plist; sourceTree = "<group>"; };
		7B87DD1F19DC4A7B00DEAF73 /* floor_creatorTests.swift */ = {isa = PBXFileReference; lastKnownFileType = sourcecode.swift; path = floor_creatorTests.swift; sourceTree = "<group>"; };
/* End PBXFileReference section */

/* Begin PBXFrameworksBuildPhase section */
		7B87DD0119DC4A7B00DEAF73 /* Frameworks */ = {
			isa = PBXFrameworksBuildPhase;
			buildActionMask = 2147483647;
			files = (
				107E7ADA19E6DF5F00BC0644 /* CoreMotion.framework in Frameworks */,
				104C4E4E19E2DDC0009146C2 /* CoreLocation.framework in Frameworks */,
				1048741319DDA5130077061F /* AssetsLibrary.framework in Frameworks */,
				1048741119DDA4F50077061F /* CoreVideo.framework in Frameworks */,
				1048740F19DDA4DB0077061F /* CoreImage.framework in Frameworks */,
				1048740D19DDA4D50077061F /* CoreGraphics.framework in Frameworks */,
				10210D7319DDA4AC000C0295 /* CoreMedia.framework in Frameworks */,
				10210D7119DDA4A6000C0295 /* QuartzCore.framework in Frameworks */,
				10210D6F19DDA4A0000C0295 /* ImageIO.framework in Frameworks */,
				10EEA5F519DC8C82004D9A74 /* Foundation.framework in Frameworks */,
				10EEA5F319DC8C7B004D9A74 /* UIKit.framework in Frameworks */,
				10EEA5F119DC8C6C004D9A74 /* AVFoundation.framework in Frameworks */,
			);
			runOnlyForDeploymentPostprocessing = 0;
		};
		7B87DD1619DC4A7B00DEAF73 /* Frameworks */ = {
			isa = PBXFrameworksBuildPhase;
			buildActionMask = 2147483647;
			files = (
			);
			runOnlyForDeploymentPostprocessing = 0;
		};
/* End PBXFrameworksBuildPhase section */

/* Begin PBXGroup section */
		7B87DCFB19DC4A7B00DEAF73 = {
			isa = PBXGroup;
			children = (
				107E7AD919E6DF5F00BC0644 /* CoreMotion.framework */,
				104C4E4D19E2DDC0009146C2 /* CoreLocation.framework */,
				1048741219DDA5130077061F /* AssetsLibrary.framework */,
				1048741019DDA4F50077061F /* CoreVideo.framework */,
				1048740E19DDA4DB0077061F /* CoreImage.framework */,
				1048740C19DDA4D50077061F /* CoreGraphics.framework */,
				10210D7219DDA4AC000C0295 /* CoreMedia.framework */,
				10210D7019DDA4A6000C0295 /* QuartzCore.framework */,
				10210D6E19DDA4A0000C0295 /* ImageIO.framework */,
				10EEA5F419DC8C82004D9A74 /* Foundation.framework */,
				10EEA5F219DC8C7B004D9A74 /* UIKit.framework */,
				10EEA5F019DC8C6C004D9A74 /* AVFoundation.framework */,
				7B87DD0619DC4A7B00DEAF73 /* floor_creator */,
				7B87DD1C19DC4A7B00DEAF73 /* floor_creatorTests */,
				7B87DD0519DC4A7B00DEAF73 /* Products */,
			);
			sourceTree = "<group>";
		};
		7B87DD0519DC4A7B00DEAF73 /* Products */ = {
			isa = PBXGroup;
			children = (
				7B87DD0419DC4A7B00DEAF73 /* floor_creator.app */,
				7B87DD1919DC4A7B00DEAF73 /* floor_creatorTests.xctest */,
			);
			name = Products;
			sourceTree = "<group>";
		};
		7B87DD0619DC4A7B00DEAF73 /* floor_creator */ = {
			isa = PBXGroup;
			children = (
				104C4E4F19E2EE0C009146C2 /* Images.xcassets */,
				1043716819E5C5D900FC5C6D /* MeasureRoomViewController.swift */,
				1043716919E5C5D900FC5C6D /* MeasureRoomViewController.xib */,
				107E7AD719E6DF3300BC0644 /* LevelView.swift */,
				10EEA5EC19DC56BE004D9A74 /* CreateRoomView.swift */,
				7B87DD0B19DC4A7B00DEAF73 /* ViewController.swift */,
				7B87DD0919DC4A7B00DEAF73 /* AppDelegate.swift */,
				7B87DD0D19DC4A7B00DEAF73 /* Main.storyboard */,
				7B87DD1219DC4A7B00DEAF73 /* LaunchScreen.xib */,
				7B87DD0719DC4A7B00DEAF73 /* Supporting Files */,
				10EEA5F919DC9810004D9A74 /* Rangefinder.h */,
				10EEA5F719DC97A7004D9A74 /* Rangefinder.m */,
				10EEA5F619DC97A6004D9A74 /* floor_creator-Bridging-Header.h */,
			);
			path = floor_creator;
			sourceTree = "<group>";
		};
		7B87DD0719DC4A7B00DEAF73 /* Supporting Files */ = {
			isa = PBXGroup;
			children = (
				7B87DD0819DC4A7B00DEAF73 /* Info.plist */,
			);
			name = "Supporting Files";
			sourceTree = "<group>";
		};
		7B87DD1C19DC4A7B00DEAF73 /* floor_creatorTests */ = {
			isa = PBXGroup;
			children = (
				7B87DD1F19DC4A7B00DEAF73 /* floor_creatorTests.swift */,
				7B87DD1D19DC4A7B00DEAF73 /* Supporting Files */,
			);
			path = floor_creatorTests;
			sourceTree = "<group>";
		};
		7B87DD1D19DC4A7B00DEAF73 /* Supporting Files */ = {
			isa = PBXGroup;
			children = (
				7B87DD1E19DC4A7B00DEAF73 /* Info.plist */,
			);
			name = "Supporting Files";
			sourceTree = "<group>";
		};
/* End PBXGroup section */

/* Begin PBXNativeTarget section */
		7B87DD0319DC4A7B00DEAF73 /* floor_creator */ = {
			isa = PBXNativeTarget;
			buildConfigurationList = 7B87DD2319DC4A7B00DEAF73 /* Build configuration list for PBXNativeTarget "floor_creator" */;
			buildPhases = (
				7B87DD0019DC4A7B00DEAF73 /* Sources */,
				7B87DD0119DC4A7B00DEAF73 /* Frameworks */,
				7B87DD0219DC4A7B00DEAF73 /* Resources */,
			);
			buildRules = (
			);
			dependencies = (
			);
			name = floor_creator;
			productName = floor_creator;
			productReference = 7B87DD0419DC4A7B00DEAF73 /* floor_creator.app */;
			productType = "com.apple.product-type.application";
		};
		7B87DD1819DC4A7B00DEAF73 /* floor_creatorTests */ = {
			isa = PBXNativeTarget;
			buildConfigurationList = 7B87DD2619DC4A7B00DEAF73 /* Build configuration list for PBXNativeTarget "floor_creatorTests" */;
			buildPhases = (
				7B87DD1519DC4A7B00DEAF73 /* Sources */,
				7B87DD1619DC4A7B00DEAF73 /* Frameworks */,
				7B87DD1719DC4A7B00DEAF73 /* Resources */,
			);
			buildRules = (
			);
			dependencies = (
				7B87DD1B19DC4A7B00DEAF73 /* PBXTargetDependency */,
			);
			name = floor_creatorTests;
			productName = floor_creatorTests;
			productReference = 7B87DD1919DC4A7B00DEAF73 /* floor_creatorTests.xctest */;
			productType = "com.apple.product-type.bundle.unit-test";
		};
/* End PBXNativeTarget section */

/* Begin PBXProject section */
		7B87DCFC19DC4A7B00DEAF73 /* Project object */ = {
			isa = PBXProject;
			attributes = {
				LastUpgradeCheck = 0600;
				ORGANIZATIONNAME = "Shy Ward";
				TargetAttributes = {
					7B87DD0319DC4A7B00DEAF73 = {
						CreatedOnToolsVersion = 6.0.1;
					};
					7B87DD1819DC4A7B00DEAF73 = {
						CreatedOnToolsVersion = 6.0.1;
						TestTargetID = 7B87DD0319DC4A7B00DEAF73;
					};
				};
			};
			buildConfigurationList = 7B87DCFF19DC4A7B00DEAF73 /* Build configuration list for PBXProject "floor_creator" */;
			compatibilityVersion = "Xcode 3.2";
			developmentRegion = English;
			hasScannedForEncodings = 0;
			knownRegions = (
				en,
				Base,
			);
			mainGroup = 7B87DCFB19DC4A7B00DEAF73;
			productRefGroup = 7B87DD0519DC4A7B00DEAF73 /* Products */;
			projectDirPath = "";
			projectRoot = "";
			targets = (
				7B87DD0319DC4A7B00DEAF73 /* floor_creator */,
				7B87DD1819DC4A7B00DEAF73 /* floor_creatorTests */,
			);
		};
/* End PBXProject section */

/* Begin PBXResourcesBuildPhase section */
		7B87DD0219DC4A7B00DEAF73 /* Resources */ = {
			isa = PBXResourcesBuildPhase;
			buildActionMask = 2147483647;
			files = (
				1043716B19E5C5D900FC5C6D /* MeasureRoomViewController.xib in Resources */,
				104C4E5019E2EE0C009146C2 /* Images.xcassets in Resources */,
				7B87DD0F19DC4A7B00DEAF73 /* Main.storyboard in Resources */,
				7B87DD1419DC4A7B00DEAF73 /* LaunchScreen.xib in Resources */,
			);
			runOnlyForDeploymentPostprocessing = 0;
		};
		7B87DD1719DC4A7B00DEAF73 /* Resources */ = {
			isa = PBXResourcesBuildPhase;
			buildActionMask = 2147483647;
			files = (
			);
			runOnlyForDeploymentPostprocessing = 0;
		};
/* End PBXResourcesBuildPhase section */

/* Begin PBXSourcesBuildPhase section */
		7B87DD0019DC4A7B00DEAF73 /* Sources */ = {
			isa = PBXSourcesBuildPhase;
			buildActionMask = 2147483647;
			files = (
				10EEA5ED19DC56BE004D9A74 /* CreateRoomView.swift in Sources */,
				107E7AD819E6DF3300BC0644 /* LevelView.swift in Sources */,
				1043716A19E5C5D900FC5C6D /* MeasureRoomViewController.swift in Sources */,
				10EEA5F819DC97A7004D9A74 /* Rangefinder.m in Sources */,
				7B87DD0C19DC4A7B00DEAF73 /* ViewController.swift in Sources */,
				7B87DD0A19DC4A7B00DEAF73 /* AppDelegate.swift in Sources */,
			);
			runOnlyForDeploymentPostprocessing = 0;
		};
		7B87DD1519DC4A7B00DEAF73 /* Sources */ = {
			isa = PBXSourcesBuildPhase;
			buildActionMask = 2147483647;
			files = (
				7B87DD2019DC4A7B00DEAF73 /* floor_creatorTests.swift in Sources */,
			);
			runOnlyForDeploymentPostprocessing = 0;
		};
/* End PBXSourcesBuildPhase section */

/* Begin PBXTargetDependency section */
		7B87DD1B19DC4A7B00DEAF73 /* PBXTargetDependency */ = {
			isa = PBXTargetDependency;
			target = 7B87DD0319DC4A7B00DEAF73 /* floor_creator */;
			targetProxy = 7B87DD1A19DC4A7B00DEAF73 /* PBXContainerItemProxy */;
		};
/* End PBXTargetDependency section */

/* Begin PBXVariantGroup section */
		7B87DD0D19DC4A7B00DEAF73 /* Main.storyboard */ = {
			isa = PBXVariantGroup;
			children = (
				7B87DD0E19DC4A7B00DEAF73 /* Base */,
			);
			name = Main.storyboard;
			sourceTree = "<group>";
		};
		7B87DD1219DC4A7B00DEAF73 /* LaunchScreen.xib */ = {
			isa = PBXVariantGroup;
			children = (
				7B87DD1319DC4A7B00DEAF73 /* Base */,
			);
			name = LaunchScreen.xib;
			sourceTree = "<group>";
		};
/* End PBXVariantGroup section */

/* Begin XCBuildConfiguration section */
		7B87DD2119DC4A7B00DEAF73 /* Debug */ = {
			isa = XCBuildConfiguration;
			buildSettings = {
				ALWAYS_SEARCH_USER_PATHS = NO;
				CLANG_CXX_LANGUAGE_STANDARD = "gnu++0x";
				CLANG_CXX_LIBRARY = "libc++";
				CLANG_ENABLE_MODULES = YES;
				CLANG_ENABLE_OBJC_ARC = YES;
				CLANG_WARN_BOOL_CONVERSION = YES;
				CLANG_WARN_CONSTANT_CONVERSION = YES;
				CLANG_WARN_DIRECT_OBJC_ISA_USAGE = YES_ERROR;
				CLANG_WARN_EMPTY_BODY = YES;
				CLANG_WARN_ENUM_CONVERSION = YES;
				CLANG_WARN_INT_CONVERSION = YES;
				CLANG_WARN_OBJC_ROOT_CLASS = YES_ERROR;
				CLANG_WARN_UNREACHABLE_CODE = YES;
				CLANG_WARN__DUPLICATE_METHOD_MATCH = YES;
				"CODE_SIGN_IDENTITY[sdk=iphoneos*]" = "iPhone Developer";
				COPY_PHASE_STRIP = NO;
				ENABLE_STRICT_OBJC_MSGSEND = YES;
				GCC_C_LANGUAGE_STANDARD = gnu99;
				GCC_DYNAMIC_NO_PIC = NO;
				GCC_OPTIMIZATION_LEVEL = 0;
				GCC_PREPROCESSOR_DEFINITIONS = (
					"DEBUG=1",
					"$(inherited)",
				);
				GCC_SYMBOLS_PRIVATE_EXTERN = NO;
				GCC_WARN_64_TO_32_BIT_CONVERSION = YES;
				GCC_WARN_ABOUT_RETURN_TYPE = YES_ERROR;
				GCC_WARN_UNDECLARED_SELECTOR = YES;
				GCC_WARN_UNINITIALIZED_AUTOS = YES_AGGRESSIVE;
				GCC_WARN_UNUSED_FUNCTION = YES;
				GCC_WARN_UNUSED_VARIABLE = YES;
				IPHONEOS_DEPLOYMENT_TARGET = 8.0;
				MTL_ENABLE_DEBUG_INFO = YES;
				ONLY_ACTIVE_ARCH = YES;
				SDKROOT = iphoneos;
				SWIFT_OPTIMIZATION_LEVEL = "-Onone";
				TARGETED_DEVICE_FAMILY = 2;
			};
			name = Debug;
		};
		7B87DD2219DC4A7B00DEAF73 /* Release */ = {
			isa = XCBuildConfiguration;
			buildSettings = {
				ALWAYS_SEARCH_USER_PATHS = NO;
				CLANG_CXX_LANGUAGE_STANDARD = "gnu++0x";
				CLANG_CXX_LIBRARY = "libc++";
				CLANG_ENABLE_MODULES = YES;
				CLANG_ENABLE_OBJC_ARC = YES;
				CLANG_WARN_BOOL_CONVERSION = YES;
				CLANG_WARN_CONSTANT_CONVERSION = YES;
				CLANG_WARN_DIRECT_OBJC_ISA_USAGE = YES_ERROR;
				CLANG_WARN_EMPTY_BODY = YES;
				CLANG_WARN_ENUM_CONVERSION = YES;
				CLANG_WARN_INT_CONVERSION = YES;
				CLANG_WARN_OBJC_ROOT_CLASS = YES_ERROR;
				CLANG_WARN_UNREACHABLE_CODE = YES;
				CLANG_WARN__DUPLICATE_METHOD_MATCH = YES;
				"CODE_SIGN_IDENTITY[sdk=iphoneos*]" = "iPhone Developer";
				COPY_PHASE_STRIP = YES;
				ENABLE_NS_ASSERTIONS = NO;
				ENABLE_STRICT_OBJC_MSGSEND = YES;
				GCC_C_LANGUAGE_STANDARD = gnu99;
				GCC_WARN_64_TO_32_BIT_CONVERSION = YES;
				GCC_WARN_ABOUT_RETURN_TYPE = YES_ERROR;
				GCC_WARN_UNDECLARED_SELECTOR = YES;
				GCC_WARN_UNINITIALIZED_AUTOS = YES_AGGRESSIVE;
				GCC_WARN_UNUSED_FUNCTION = YES;
				GCC_WARN_UNUSED_VARIABLE = YES;
				IPHONEOS_DEPLOYMENT_TARGET = 8.0;
				MTL_ENABLE_DEBUG_INFO = NO;
				SDKROOT = iphoneos;
				TARGETED_DEVICE_FAMILY = 2;
				VALIDATE_PRODUCT = YES;
			};
			name = Release;
		};
		7B87DD2419DC4A7B00DEAF73 /* Debug */ = {
			isa = XCBuildConfiguration;
			buildSettings = {
				ASSETCATALOG_COMPILER_APPICON_NAME = AppIcon;
				CLANG_ENABLE_MODULES = YES;
				INFOPLIST_FILE = floor_creator/Info.plist;
				IPHONEOS_DEPLOYMENT_TARGET = 7.1;
				LD_RUNPATH_SEARCH_PATHS = "$(inherited) @executable_path/Frameworks";
				PRODUCT_NAME = "$(TARGET_NAME)";
				SWIFT_OBJC_BRIDGING_HEADER = "floor_creator/floor_creator-Bridging-Header.h";
				SWIFT_OPTIMIZATION_LEVEL = "-Onone";
			};
			name = Debug;
		};
		7B87DD2519DC4A7B00DEAF73 /* Release */ = {
			isa = XCBuildConfiguration;
			buildSettings = {
				ASSETCATALOG_COMPILER_APPICON_NAME = AppIcon;
				CLANG_ENABLE_MODULES = YES;
				INFOPLIST_FILE = floor_creator/Info.plist;
				IPHONEOS_DEPLOYMENT_TARGET = 7.1;
				LD_RUNPATH_SEARCH_PATHS = "$(inherited) @executable_path/Frameworks";
				PRODUCT_NAME = "$(TARGET_NAME)";
				SWIFT_OBJC_BRIDGING_HEADER = "floor_creator/floor_creator-Bridging-Header.h";
			};
			name = Release;
		};
		7B87DD2719DC4A7B00DEAF73 /* Debug */ = {
			isa = XCBuildConfiguration;
			buildSettings = {
				BUNDLE_LOADER = "$(TEST_HOST)";
				FRAMEWORK_SEARCH_PATHS = (
					"$(SDKROOT)/Developer/Library/Frameworks",
					"$(inherited)",
				);
				GCC_PREPROCESSOR_DEFINITIONS = (
					"DEBUG=1",
					"$(inherited)",
				);
				INFOPLIST_FILE = floor_creatorTests/Info.plist;
				LD_RUNPATH_SEARCH_PATHS = "$(inherited) @executable_path/Frameworks @loader_path/Frameworks";
				PRODUCT_NAME = "$(TARGET_NAME)";
				TEST_HOST = "$(BUILT_PRODUCTS_DIR)/floor_creator.app/floor_creator";
			};
			name = Debug;
		};
		7B87DD2819DC4A7B00DEAF73 /* Release */ = {
			isa = XCBuildConfiguration;
			buildSettings = {
				BUNDLE_LOADER = "$(TEST_HOST)";
				FRAMEWORK_SEARCH_PATHS = (
					"$(SDKROOT)/Developer/Library/Frameworks",
					"$(inherited)",
				);
				INFOPLIST_FILE = floor_creatorTests/Info.plist;
				LD_RUNPATH_SEARCH_PATHS = "$(inherited) @executable_path/Frameworks @loader_path/Frameworks";
				PRODUCT_NAME = "$(TARGET_NAME)";
				TEST_HOST = "$(BUILT_PRODUCTS_DIR)/floor_creator.app/floor_creator";
			};
			name = Release;
		};
/* End XCBuildConfiguration section */

/* Begin XCConfigurationList section */
		7B87DCFF19DC4A7B00DEAF73 /* Build configuration list for PBXProject "floor_creator" */ = {
			isa = XCConfigurationList;
			buildConfigurations = (
				7B87DD2119DC4A7B00DEAF73 /* Debug */,
				7B87DD2219DC4A7B00DEAF73 /* Release */,
			);
			defaultConfigurationIsVisible = 0;
			defaultConfigurationName = Release;
		};
		7B87DD2319DC4A7B00DEAF73 /* Build configuration list for PBXNativeTarget "floor_creator" */ = {
			isa = XCConfigurationList;
			buildConfigurations = (
				7B87DD2419DC4A7B00DEAF73 /* Debug */,
				7B87DD2519DC4A7B00DEAF73 /* Release */,
			);
			defaultConfigurationIsVisible = 0;
			defaultConfigurationName = Release;
		};
		7B87DD2619DC4A7B00DEAF73 /* Build configuration list for PBXNativeTarget "floor_creatorTests" */ = {
			isa = XCConfigurationList;
			buildConfigurations = (
				7B87DD2719DC4A7B00DEAF73 /* Debug */,
				7B87DD2819DC4A7B00DEAF73 /* Release */,
			);
			defaultConfigurationIsVisible = 0;
			defaultConfigurationName = Release;
		};
/* End XCConfigurationList section */
	};
	rootObject = 7B87DCFC19DC4A7B00DEAF73 /* Project object */;
}
